
Microsoft Visual Studio Solution File, Format Version 12.00
# Visual Studio Version 17
VisualStudioVersion = 17.0.31903.59
MinimumVisualStudioVersion = 10.0.40219.1
Project("{FAE04EC0-301F-11D3-BF4B-00C04F79EFBC}") = "InvoiceApp.Core", "InvoiceApp.Core\InvoiceApp.Core.csproj", "{87717039-6AE8-450C-A0B9-1F07115DE1B3}"
EndProject
Project("{FAE04EC0-301F-11D3-BF4B-00C04F79EFBC}") = "InvoiceApp.Data", "InvoiceApp.Data\InvoiceApp.Data.csproj", "{8E133574-F17F-45A7-A40B-1E157B5FF168}"
EndProject
Project("{FAE04EC0-301F-11D3-BF4B-00C04F79EFBC}") = "InvoiceApp.MAUI", "InvoiceApp.MAUI\InvoiceApp.MAUI.csproj", "{1463BE2E-1707-4491-9BEE-34220E47AF7F}"
EndProject
Global
	GlobalSection(SolutionConfigurationPlatforms) = preSolution
		Debug|Any CPU = Debug|Any CPU
		Release|Any CPU = Release|Any CPU
	EndGlobalSection
	GlobalSection(ProjectConfigurationPlatforms) = postSolution
		{87717039-6AE8-450C-A0B9-1F07115DE1B3}.Debug|Any CPU.ActiveCfg = Debug|Any CPU
		{87717039-6AE8-450C-A0B9-1F07115DE1B3}.Debug|Any CPU.Build.0 = Debug|Any CPU
		{87717039-6AE8-450C-A0B9-1F07115DE1B3}.Release|Any CPU.ActiveCfg = Release|Any CPU
		{87717039-6AE8-450C-A0B9-1F07115DE1B3}.Release|Any CPU.Build.0 = Release|Any CPU
		{8E133574-F17F-45A7-A40B-1E157B5FF168}.Debug|Any CPU.ActiveCfg = Debug|Any CPU
		{8E133574-F17F-45A7-A40B-1E157B5FF168}.Debug|Any CPU.Build.0 = Debug|Any CPU
		{8E133574-F17F-45A7-A40B-1E157B5FF168}.Release|Any CPU.ActiveCfg = Release|Any CPU
		{8E133574-F17F-45A7-A40B-1E157B5FF168}.Release|Any CPU.Build.0 = Release|Any CPU
		{1463BE2E-1707-4491-9BEE-34220E47AF7F}.Debug|Any CPU.ActiveCfg = Debug|Any CPU
		{1463BE2E-1707-4491-9BEE-34220E47AF7F}.Debug|Any CPU.Build.0 = Debug|Any CPU
		{1463BE2E-1707-4491-9BEE-34220E47AF7F}.Release|Any CPU.ActiveCfg = Release|Any CPU
		{1463BE2E-1707-4491-9BEE-34220E47AF7F}.Release|Any CPU.Build.0 = Release|Any CPU
	EndGlobalSection
	GlobalSection(SolutionProperties) = preSolution
		HideSolutionNode = FALSE
	EndGlobalSection
EndGlobal
