
Microsoft Visual Studio Solution File, Format Version 12.00
# Visual Studio Version 17
VisualStudioVersion = 17.0.31903.59
MinimumVisualStudioVersion = 10.0.40219.1
Project("{FAE04EC0-301F-11D3-BF4B-00C04F79EFBC}") = "InvoiceApp.Plugins.Abstractions", "InvoiceApp.Plugins.Abstractions\InvoiceApp.Plugins.Abstractions.csproj", "{45BFC7AA-B60D-4103-AF8F-CA3E50B3098A}"
EndProject
Project("{FAE04EC0-301F-11D3-BF4B-00C04F79EFBC}") = "InvoiceApp.InvoiceModule", "InvoiceApp.InvoiceModule\InvoiceApp.InvoiceModule.csproj", "{0E11B311-33B2-436A-A734-8999123DD537}"
EndProject
Project("{FAE04EC0-301F-11D3-BF4B-00C04F79EFBC}") = "InvoiceApp.MasterDataModule", "InvoiceApp.MasterDataModule\InvoiceApp.MasterDataModule.csproj", "{709099C9-B1B7-42CC-8DCB-992D3CB83DE9}"
EndProject
Global
	GlobalSection(SolutionConfigurationPlatforms) = preSolution
		Debug|Any CPU = Debug|Any CPU
		Release|Any CPU = Release|Any CPU
	EndGlobalSection
	GlobalSection(SolutionProperties) = preSolution
		HideSolutionNode = FALSE
	EndGlobalSection
	GlobalSection(ProjectConfigurationPlatforms) = postSolution
		{45BFC7AA-B60D-4103-AF8F-CA3E50B3098A}.Debug|Any CPU.ActiveCfg = Debug|Any CPU
		{45BFC7AA-B60D-4103-AF8F-CA3E50B3098A}.Debug|Any CPU.Build.0 = Debug|Any CPU
		{45BFC7AA-B60D-4103-AF8F-CA3E50B3098A}.Release|Any CPU.ActiveCfg = Release|Any CPU
		{45BFC7AA-B60D-4103-AF8F-CA3E50B3098A}.Release|Any CPU.Build.0 = Release|Any CPU
                {0E11B311-33B2-436A-A734-8999123DD537}.Debug|Any CPU.ActiveCfg = Debug|Any CPU
                {0E11B311-33B2-436A-A734-8999123DD537}.Debug|Any CPU.Build.0 = Debug|Any CPU
                {0E11B311-33B2-436A-A734-8999123DD537}.Release|Any CPU.ActiveCfg = Release|Any CPU
                {0E11B311-33B2-436A-A734-8999123DD537}.Release|Any CPU.Build.0 = Release|Any CPU
                {709099C9-B1B7-42CC-8DCB-992D3CB83DE9}.Debug|Any CPU.ActiveCfg = Debug|Any CPU
                {709099C9-B1B7-42CC-8DCB-992D3CB83DE9}.Debug|Any CPU.Build.0 = Debug|Any CPU
                {709099C9-B1B7-42CC-8DCB-992D3CB83DE9}.Release|Any CPU.ActiveCfg = Release|Any CPU
                {709099C9-B1B7-42CC-8DCB-992D3CB83DE9}.Release|Any CPU.Build.0 = Release|Any CPU
        EndGlobalSection
EndGlobal
